
Microsoft Visual Studio Solution File, Format Version 12.00
# Visual Studio Express 15 for Windows Desktop
VisualStudioVersion = 15.0.33801.198
MinimumVisualStudioVersion = 10.0.40219.1
Project("{FAE04EC0-301F-11D3-BF4B-00C04F79EFBC}") = "CSEncryption", "CSEncryption\CSEncryption.csproj", "{600038E9-F49A-4955-98F0-A16708045242}"
EndProject
Global
	GlobalSection(SolutionConfigurationPlatforms) = preSolution
		Debug|Any CPU = Debug|Any CPU
		Release|Any CPU = Release|Any CPU
	EndGlobalSection
	GlobalSection(ProjectConfigurationPlatforms) = postSolution
		{600038E9-F49A-4955-98F0-A16708045242}.Debug|Any CPU.ActiveCfg = Debug|Any CPU
		{600038E9-F49A-4955-98F0-A16708045242}.Debug|Any CPU.Build.0 = Debug|Any CPU
		{600038E9-F49A-4955-98F0-A16708045242}.Release|Any CPU.ActiveCfg = Release|Any CPU
		{600038E9-F49A-4955-98F0-A16708045242}.Release|Any CPU.Build.0 = Release|Any CPU
	EndGlobalSection
	GlobalSection(SolutionProperties) = preSolution
		HideSolutionNode = FALSE
	EndGlobalSection
	GlobalSection(ExtensibilityGlobals) = postSolution
		SolutionGuid = {8A785FC0-C41C-4D26-957A-FEEEBDEC2617}
	EndGlobalSection
EndGlobal
